// !$*UTF8*$!
{
	archiveVersion = 1;
	classes = {
	};
	objectVersion = 46;
	objects = {

/* Begin PBXBuildFile section */
		0462967B1F330022002490F2 /* main.m in Sources */ = {isa = PBXBuildFile; fileRef = 0462967A1F330022002490F2 /* main.m */; };
		0462967E1F330022002490F2 /* AppDelegate.m in Sources */ = {isa = PBXBuildFile; fileRef = 0462967D1F330022002490F2 /* AppDelegate.m */; };
		046296811F330023002490F2 /* ViewController.m in Sources */ = {isa = PBXBuildFile; fileRef = 046296801F330023002490F2 /* ViewController.m */; };
		046296841F330023002490F2 /* Main.storyboard in Resources */ = {isa = PBXBuildFile; fileRef = 046296821F330023002490F2 /* Main.storyboard */; };
		046296861F330023002490F2 /* Assets.xcassets in Resources */ = {isa = PBXBuildFile; fileRef = 046296851F330023002490F2 /* Assets.xcassets */; };
		046296891F330023002490F2 /* LaunchScreen.storyboard in Resources */ = {isa = PBXBuildFile; fileRef = 046296871F330023002490F2 /* LaunchScreen.storyboard */; };
		046296941F330025002490F2 /* UIViewRefactorAndDestructExtensionDemoTests.m in Sources */ = {isa = PBXBuildFile; fileRef = 046296931F330025002490F2 /* UIViewRefactorAndDestructExtensionDemoTests.m */; };
		046296A01F330048002490F2 /* UIViewRefactorAndDestructExtension.swift in Sources */ = {isa = PBXBuildFile; fileRef = 0462969F1F330048002490F2 /* UIViewRefactorAndDestructExtension.swift */; };
		046296A21F330113002490F2 /* 1.png in Resources */ = {isa = PBXBuildFile; fileRef = 046296A11F330113002490F2 /* 1.png */; };
		046296A41F3301BC002490F2 /* TestViewController.swift in Sources */ = {isa = PBXBuildFile; fileRef = 046296A31F3301BC002490F2 /* TestViewController.swift */; };
/* End PBXBuildFile section */

/* Begin PBXContainerItemProxy section */
		046296901F330025002490F2 /* PBXContainerItemProxy */ = {
			isa = PBXContainerItemProxy;
			containerPortal = 0462966E1F330022002490F2 /* Project object */;
			proxyType = 1;
			remoteGlobalIDString = 046296751F330022002490F2;
			remoteInfo = UIViewRefactorAndDestructExtensionDemo;
		};
/* End PBXContainerItemProxy section */

/* Begin PBXFileReference section */
		046296761F330022002490F2 /* UIViewRefactorAndDestructExtensionDemo.app */ = {isa = PBXFileReference; explicitFileType = wrapper.application; includeInIndex = 0; path = UIViewRefactorAndDestructExtensionDemo.app; sourceTree = BUILT_PRODUCTS_DIR; };
		0462967A1F330022002490F2 /* main.m */ = {isa = PBXFileReference; lastKnownFileType = sourcecode.c.objc; path = main.m; sourceTree = "<group>"; };
		0462967C1F330022002490F2 /* AppDelegate.h */ = {isa = PBXFileReference; lastKnownFileType = sourcecode.c.h; path = AppDelegate.h; sourceTree = "<group>"; };
		0462967D1F330022002490F2 /* AppDelegate.m */ = {isa = PBXFileReference; lastKnownFileType = sourcecode.c.objc; path = AppDelegate.m; sourceTree = "<group>"; };
		0462967F1F330022002490F2 /* ViewController.h */ = {isa = PBXFileReference; lastKnownFileType = sourcecode.c.h; path = ViewController.h; sourceTree = "<group>"; };
		046296801F330023002490F2 /* ViewController.m */ = {isa = PBXFileReference; lastKnownFileType = sourcecode.c.objc; path = ViewController.m; sourceTree = "<group>"; };
		046296831F330023002490F2 /* Base */ = {isa = PBXFileReference; lastKnownFileType = file.storyboard; name = Base; path = Base.lproj/Main.storyboard; sourceTree = "<group>"; };
		046296851F330023002490F2 /* Assets.xcassets */ = {isa = PBXFileReference; lastKnownFileType = folder.assetcatalog; path = Assets.xcassets; sourceTree = "<group>"; };
		046296881F330023002490F2 /* Base */ = {isa = PBXFileReference; lastKnownFileType = file.storyboard; name = Base; path = Base.lproj/LaunchScreen.storyboard; sourceTree = "<group>"; };
		0462968A1F330023002490F2 /* Info.plist */ = {isa = PBXFileReference; lastKnownFileType = text.plist.xml; path = Info.plist; sourceTree = "<group>"; };
		0462968F1F330025002490F2 /* UIViewRefactorAndDestructExtensionDemoTests.xctest */ = {isa = PBXFileReference; explicitFileType = wrapper.cfbundle; includeInIndex = 0; path = UIViewRefactorAndDestructExtensionDemoTests.xctest; sourceTree = BUILT_PRODUCTS_DIR; };
		046296931F330025002490F2 /* UIViewRefactorAndDestructExtensionDemoTests.m */ = {isa = PBXFileReference; lastKnownFileType = sourcecode.c.objc; path = UIViewRefactorAndDestructExtensionDemoTests.m; sourceTree = "<group>"; };
		046296951F330025002490F2 /* Info.plist */ = {isa = PBXFileReference; lastKnownFileType = text.plist.xml; path = Info.plist; sourceTree = "<group>"; };
		0462969E1F330047002490F2 /* UIViewRefactorAndDestructExtensionDemo-Bridging-Header.h */ = {isa = PBXFileReference; lastKnownFileType = sourcecode.c.h; path = "UIViewRefactorAndDestructExtensionDemo-Bridging-Header.h"; sourceTree = "<group>"; };
		0462969F1F330048002490F2 /* UIViewRefactorAndDestructExtension.swift */ = {isa = PBXFileReference; fileEncoding = 4; lastKnownFileType = sourcecode.swift; path = UIViewRefactorAndDestructExtension.swift; sourceTree = "<group>"; };
		046296A11F330113002490F2 /* 1.png */ = {isa = PBXFileReference; lastKnownFileType = image.png; path = 1.png; sourceTree = "<group>"; };
		046296A31F3301BC002490F2 /* TestViewController.swift */ = {isa = PBXFileReference; fileEncoding = 4; lastKnownFileType = sourcecode.swift; path = TestViewController.swift; sourceTree = "<group>"; };
/* End PBXFileReference section */

/* Begin PBXFrameworksBuildPhase section */
		046296731F330022002490F2 /* Frameworks */ = {
			isa = PBXFrameworksBuildPhase;
			buildActionMask = 2147483647;
			files = (
			);
			runOnlyForDeploymentPostprocessing = 0;
		};
		0462968C1F330025002490F2 /* Frameworks */ = {
			isa = PBXFrameworksBuildPhase;
			buildActionMask = 2147483647;
			files = (
			);
			runOnlyForDeploymentPostprocessing = 0;
		};
/* End PBXFrameworksBuildPhase section */

/* Begin PBXGroup section */
		0462966D1F330022002490F2 = {
			isa = PBXGroup;
			children = (
				046296781F330022002490F2 /* UIViewRefactorAndDestructExtensionDemo */,
				046296921F330025002490F2 /* UIViewRefactorAndDestructExtensionDemoTests */,
				046296771F330022002490F2 /* Products */,
			);
			sourceTree = "<group>";
		};
		046296771F330022002490F2 /* Products */ = {
			isa = PBXGroup;
			children = (
				046296761F330022002490F2 /* UIViewRefactorAndDestructExtensionDemo.app */,
				0462968F1F330025002490F2 /* UIViewRefactorAndDestructExtensionDemoTests.xctest */,
			);
			name = Products;
			sourceTree = "<group>";
		};
		046296781F330022002490F2 /* UIViewRefactorAndDestructExtensionDemo */ = {
			isa = PBXGroup;
			children = (
				046296A31F3301BC002490F2 /* TestViewController.swift */,
				046296A11F330113002490F2 /* 1.png */,
				0462969F1F330048002490F2 /* UIViewRefactorAndDestructExtension.swift */,
				0462969E1F330047002490F2 /* UIViewRefactorAndDestructExtensionDemo-Bridging-Header.h */,
				0462967C1F330022002490F2 /* AppDelegate.h */,
				0462967D1F330022002490F2 /* AppDelegate.m */,
				0462967F1F330022002490F2 /* ViewController.h */,
				046296801F330023002490F2 /* ViewController.m */,
				046296821F330023002490F2 /* Main.storyboard */,
				046296851F330023002490F2 /* Assets.xcassets */,
				046296871F330023002490F2 /* LaunchScreen.storyboard */,
				0462968A1F330023002490F2 /* Info.plist */,
				046296791F330022002490F2 /* Supporting Files */,
			);
			path = UIViewRefactorAndDestructExtensionDemo;
			sourceTree = "<group>";
		};
		046296791F330022002490F2 /* Supporting Files */ = {
			isa = PBXGroup;
			children = (
				0462967A1F330022002490F2 /* main.m */,
			);
			name = "Supporting Files";
			sourceTree = "<group>";
		};
		046296921F330025002490F2 /* UIViewRefactorAndDestructExtensionDemoTests */ = {
			isa = PBXGroup;
			children = (
				046296931F330025002490F2 /* UIViewRefactorAndDestructExtensionDemoTests.m */,
				046296951F330025002490F2 /* Info.plist */,
			);
			path = UIViewRefactorAndDestructExtensionDemoTests;
			sourceTree = "<group>";
		};
/* End PBXGroup section */

/* Begin PBXNativeTarget section */
		046296751F330022002490F2 /* UIViewRefactorAndDestructExtensionDemo */ = {
			isa = PBXNativeTarget;
			buildConfigurationList = 046296981F330025002490F2 /* Build configuration list for PBXNativeTarget "UIViewRefactorAndDestructExtensionDemo" */;
			buildPhases = (
				046296721F330022002490F2 /* Sources */,
				046296731F330022002490F2 /* Frameworks */,
				046296741F330022002490F2 /* Resources */,
			);
			buildRules = (
			);
			dependencies = (
			);
			name = UIViewRefactorAndDestructExtensionDemo;
			productName = UIViewRefactorAndDestructExtensionDemo;
			productReference = 046296761F330022002490F2 /* UIViewRefactorAndDestructExtensionDemo.app */;
			productType = "com.apple.product-type.application";
		};
		0462968E1F330025002490F2 /* UIViewRefactorAndDestructExtensionDemoTests */ = {
			isa = PBXNativeTarget;
			buildConfigurationList = 0462969B1F330025002490F2 /* Build configuration list for PBXNativeTarget "UIViewRefactorAndDestructExtensionDemoTests" */;
			buildPhases = (
				0462968B1F330025002490F2 /* Sources */,
				0462968C1F330025002490F2 /* Frameworks */,
				0462968D1F330025002490F2 /* Resources */,
			);
			buildRules = (
			);
			dependencies = (
				046296911F330025002490F2 /* PBXTargetDependency */,
			);
			name = UIViewRefactorAndDestructExtensionDemoTests;
			productName = UIViewRefactorAndDestructExtensionDemoTests;
			productReference = 0462968F1F330025002490F2 /* UIViewRefactorAndDestructExtensionDemoTests.xctest */;
			productType = "com.apple.product-type.bundle.unit-test";
		};
/* End PBXNativeTarget section */

/* Begin PBXProject section */
		0462966E1F330022002490F2 /* Project object */ = {
			isa = PBXProject;
			attributes = {
				LastUpgradeCheck = 0830;
				ORGANIZATIONNAME = mac;
				TargetAttributes = {
					046296751F330022002490F2 = {
						CreatedOnToolsVersion = 8.3;
						DevelopmentTeam = ECRERDAUD6;
						LastSwiftMigration = 0830;
						ProvisioningStyle = Automatic;
					};
					0462968E1F330025002490F2 = {
						CreatedOnToolsVersion = 8.3;
						DevelopmentTeam = ECRERDAUD6;
						ProvisioningStyle = Automatic;
						TestTargetID = 046296751F330022002490F2;
					};
				};
			};
			buildConfigurationList = 046296711F330022002490F2 /* Build configuration list for PBXProject "UIViewRefactorAndDestructExtensionDemo" */;
			compatibilityVersion = "Xcode 3.2";
			developmentRegion = English;
			hasScannedForEncodings = 0;
			knownRegions = (
				en,
				Base,
			);
			mainGroup = 0462966D1F330022002490F2;
			productRefGroup = 046296771F330022002490F2 /* Products */;
			projectDirPath = "";
			projectRoot = "";
			targets = (
				046296751F330022002490F2 /* UIViewRefactorAndDestructExtensionDemo */,
				0462968E1F330025002490F2 /* UIViewRefactorAndDestructExtensionDemoTests */,
			);
		};
/* End PBXProject section */

/* Begin PBXResourcesBuildPhase section */
		046296741F330022002490F2 /* Resources */ = {
			isa = PBXResourcesBuildPhase;
			buildActionMask = 2147483647;
			files = (
				046296891F330023002490F2 /* LaunchScreen.storyboard in Resources */,
				046296A21F330113002490F2 /* 1.png in Resources */,
				046296861F330023002490F2 /* Assets.xcassets in Resources */,
				046296841F330023002490F2 /* Main.storyboard in Resources */,
			);
			runOnlyForDeploymentPostprocessing = 0;
		};
		0462968D1F330025002490F2 /* Resources */ = {
			isa = PBXResourcesBuildPhase;
			buildActionMask = 2147483647;
			files = (
			);
			runOnlyForDeploymentPostprocessing = 0;
		};
/* End PBXResourcesBuildPhase section */

/* Begin PBXSourcesBuildPhase section */
		046296721F330022002490F2 /* Sources */ = {
			isa = PBXSourcesBuildPhase;
			buildActionMask = 2147483647;
			files = (
				046296A41F3301BC002490F2 /* TestViewController.swift in Sources */,
				046296A01F330048002490F2 /* UIViewRefactorAndDestructExtension.swift in Sources */,
				046296811F330023002490F2 /* ViewController.m in Sources */,
				0462967E1F330022002490F2 /* AppDelegate.m in Sources */,
				0462967B1F330022002490F2 /* main.m in Sources */,
			);
			runOnlyForDeploymentPostprocessing = 0;
		};
		0462968B1F330025002490F2 /* Sources */ = {
			isa = PBXSourcesBuildPhase;
			buildActionMask = 2147483647;
			files = (
				046296941F330025002490F2 /* UIViewRefactorAndDestructExtensionDemoTests.m in Sources */,
			);
			runOnlyForDeploymentPostprocessing = 0;
		};
/* End PBXSourcesBuildPhase section */

/* Begin PBXTargetDependency section */
		046296911F330025002490F2 /* PBXTargetDependency */ = {
			isa = PBXTargetDependency;
			target = 046296751F330022002490F2 /* UIViewRefactorAndDestructExtensionDemo */;
			targetProxy = 046296901F330025002490F2 /* PBXContainerItemProxy */;
		};
/* End PBXTargetDependency section */

/* Begin PBXVariantGroup section */
		046296821F330023002490F2 /* Main.storyboard */ = {
			isa = PBXVariantGroup;
			children = (
				046296831F330023002490F2 /* Base */,
			);
			name = Main.storyboard;
			sourceTree = "<group>";
		};
		046296871F330023002490F2 /* LaunchScreen.storyboard */ = {
			isa = PBXVariantGroup;
			children = (
				046296881F330023002490F2 /* Base */,
			);
			name = LaunchScreen.storyboard;
			sourceTree = "<group>";
		};
/* End PBXVariantGroup section */

/* Begin XCBuildConfiguration section */
		046296961F330025002490F2 /* Debug */ = {
			isa = XCBuildConfiguration;
			buildSettings = {
				ALWAYS_SEARCH_USER_PATHS = NO;
				CLANG_ANALYZER_NONNULL = YES;
				CLANG_ANALYZER_NUMBER_OBJECT_CONVERSION = YES_AGGRESSIVE;
				CLANG_CXX_LANGUAGE_STANDARD = "gnu++0x";
				CLANG_CXX_LIBRARY = "libc++";
				CLANG_ENABLE_MODULES = YES;
				CLANG_ENABLE_OBJC_ARC = YES;
				CLANG_WARN_BOOL_CONVERSION = YES;
				CLANG_WARN_CONSTANT_CONVERSION = YES;
				CLANG_WARN_DIRECT_OBJC_ISA_USAGE = YES_ERROR;
				CLANG_WARN_DOCUMENTATION_COMMENTS = YES;
				CLANG_WARN_EMPTY_BODY = YES;
				CLANG_WARN_ENUM_CONVERSION = YES;
				CLANG_WARN_INFINITE_RECURSION = YES;
				CLANG_WARN_INT_CONVERSION = YES;
				CLANG_WARN_OBJC_ROOT_CLASS = YES_ERROR;
				CLANG_WARN_SUSPICIOUS_MOVE = YES;
				CLANG_WARN_UNREACHABLE_CODE = YES;
				CLANG_WARN__DUPLICATE_METHOD_MATCH = YES;
				"CODE_SIGN_IDENTITY[sdk=iphoneos*]" = "iPhone Developer";
				COPY_PHASE_STRIP = NO;
				DEBUG_INFORMATION_FORMAT = dwarf;
				DEFINES_MODULE = YES;
				ENABLE_STRICT_OBJC_MSGSEND = YES;
				ENABLE_TESTABILITY = YES;
				GCC_C_LANGUAGE_STANDARD = gnu99;
				GCC_DYNAMIC_NO_PIC = NO;
				GCC_NO_COMMON_BLOCKS = YES;
				GCC_OPTIMIZATION_LEVEL = 0;
				GCC_PREPROCESSOR_DEFINITIONS = (
					"DEBUG=1",
					"$(inherited)",
				);
				GCC_WARN_64_TO_32_BIT_CONVERSION = YES;
				GCC_WARN_ABOUT_RETURN_TYPE = YES_ERROR;
				GCC_WARN_UNDECLARED_SELECTOR = YES;
				GCC_WARN_UNINITIALIZED_AUTOS = YES_AGGRESSIVE;
				GCC_WARN_UNUSED_FUNCTION = YES;
				GCC_WARN_UNUSED_VARIABLE = YES;
				IPHONEOS_DEPLOYMENT_TARGET = 10.3;
				MTL_ENABLE_DEBUG_INFO = YES;
				ONLY_ACTIVE_ARCH = YES;
				PRODUCT_NAME = UIViewRefactorAndDestructExtensionDemo;
				SDKROOT = iphoneos;
			};
			name = Debug;
		};
		046296971F330025002490F2 /* Release */ = {
			isa = XCBuildConfiguration;
			buildSettings = {
				ALWAYS_SEARCH_USER_PATHS = NO;
				CLANG_ANALYZER_NONNULL = YES;
				CLANG_ANALYZER_NUMBER_OBJECT_CONVERSION = YES_AGGRESSIVE;
				CLANG_CXX_LANGUAGE_STANDARD = "gnu++0x";
				CLANG_CXX_LIBRARY = "libc++";
				CLANG_ENABLE_MODULES = YES;
				CLANG_ENABLE_OBJC_ARC = YES;
				CLANG_WARN_BOOL_CONVERSION = YES;
				CLANG_WARN_CONSTANT_CONVERSION = YES;
				CLANG_WARN_DIRECT_OBJC_ISA_USAGE = YES_ERROR;
				CLANG_WARN_DOCUMENTATION_COMMENTS = YES;
				CLANG_WARN_EMPTY_BODY = YES;
				CLANG_WARN_ENUM_CONVERSION = YES;
				CLANG_WARN_INFINITE_RECURSION = YES;
				CLANG_WARN_INT_CONVERSION = YES;
				CLANG_WARN_OBJC_ROOT_CLASS = YES_ERROR;
				CLANG_WARN_SUSPICIOUS_MOVE = YES;
				CLANG_WARN_UNREACHABLE_CODE = YES;
				CLANG_WARN__DUPLICATE_METHOD_MATCH = YES;
				"CODE_SIGN_IDENTITY[sdk=iphoneos*]" = "iPhone Developer";
				COPY_PHASE_STRIP = NO;
				DEBUG_INFORMATION_FORMAT = "dwarf-with-dsym";
				DEFINES_MODULE = YES;
				ENABLE_NS_ASSERTIONS = NO;
				ENABLE_STRICT_OBJC_MSGSEND = YES;
				GCC_C_LANGUAGE_STANDARD = gnu99;
				GCC_NO_COMMON_BLOCKS = YES;
				GCC_WARN_64_TO_32_BIT_CONVERSION = YES;
				GCC_WARN_ABOUT_RETURN_TYPE = YES_ERROR;
				GCC_WARN_UNDECLARED_SELECTOR = YES;
				GCC_WARN_UNINITIALIZED_AUTOS = YES_AGGRESSIVE;
				GCC_WARN_UNUSED_FUNCTION = YES;
				GCC_WARN_UNUSED_VARIABLE = YES;
				IPHONEOS_DEPLOYMENT_TARGET = 10.3;
				MTL_ENABLE_DEBUG_INFO = NO;
				PRODUCT_NAME = UIViewRefactorAndDestructExtensionDemo;
				SDKROOT = iphoneos;
				VALIDATE_PRODUCT = YES;
			};
			name = Release;
		};
		046296991F330025002490F2 /* Debug */ = {
			isa = XCBuildConfiguration;
			buildSettings = {
				ASSETCATALOG_COMPILER_APPICON_NAME = AppIcon;
				CLANG_ENABLE_MODULES = YES;
				DEFINES_MODULE = YES;
				DEVELOPMENT_TEAM = ECRERDAUD6;
				INFOPLIST_FILE = UIViewRefactorAndDestructExtensionDemo/Info.plist;
				LD_RUNPATH_SEARCH_PATHS = "$(inherited) @executable_path/Frameworks";
				PRODUCT_BUNDLE_IDENTIFIER = com.SafeMedicationVishuo.www.UIViewRefactorAndDestructExtensionDemo;
				PRODUCT_NAME = "$(TARGET_NAME)";
				SWIFT_OBJC_BRIDGING_HEADER = "UIViewRefactorAndDestructExtensionDemo/UIViewRefactorAndDestructExtensionDemo-Bridging-Header.h";
				SWIFT_OPTIMIZATION_LEVEL = "-Onone";
				SWIFT_VERSION = 3.0;
			};
			name = Debug;
		};
		0462969A1F330025002490F2 /* Release */ = {
			isa = XCBuildConfiguration;
			buildSettings = {
				ASSETCATALOG_COMPILER_APPICON_NAME = AppIcon;
				CLANG_ENABLE_MODULES = YES;
				DEFINES_MODULE = YES;
				DEVELOPMENT_TEAM = ECRERDAUD6;
				INFOPLIST_FILE = UIViewRefactorAndDestructExtensionDemo/Info.plist;
				LD_RUNPATH_SEARCH_PATHS = "$(inherited) @executable_path/Frameworks";
				PRODUCT_BUNDLE_IDENTIFIER = com.SafeMedicationVishuo.www.UIViewRefactorAndDestructExtensionDemo;
				PRODUCT_NAME = "$(TARGET_NAME)";
				SWIFT_OBJC_BRIDGING_HEADER = "UIViewRefactorAndDestructExtensionDemo/UIViewRefactorAndDestructExtensionDemo-Bridging-Header.h";
				SWIFT_VERSION = 3.0;
			};
			name = Release;
		};
		0462969C1F330025002490F2 /* Debug */ = {
			isa = XCBuildConfiguration;
			buildSettings = {
				ALWAYS_EMBED_SWIFT_STANDARD_LIBRARIES = YES;
				BUNDLE_LOADER = "$(TEST_HOST)";
				DEVELOPMENT_TEAM = ECRERDAUD6;
				INFOPLIST_FILE = UIViewRefactorAndDestructExtensionDemoTests/Info.plist;
				LD_RUNPATH_SEARCH_PATHS = "$(inherited) @executable_path/Frameworks @loader_path/Frameworks";
				PRODUCT_BUNDLE_IDENTIFIER = com.SafeMedicationVishuo.www.UIViewRefactorAndDestructExtensionDemoTests;
				PRODUCT_NAME = "$(TARGET_NAME)";
				TEST_HOST = "$(BUILT_PRODUCTS_DIR)/UIViewRefactorAndDestructExtensionDemo.app/UIViewRefactorAndDestructExtensionDemo";
			};
			name = Debug;
		};
		0462969D1F330025002490F2 /* Release */ = {
			isa = XCBuildConfiguration;
			buildSettings = {
				ALWAYS_EMBED_SWIFT_STANDARD_LIBRARIES = YES;
				BUNDLE_LOADER = "$(TEST_HOST)";
				DEVELOPMENT_TEAM = ECRERDAUD6;
				INFOPLIST_FILE = UIViewRefactorAndDestructExtensionDemoTests/Info.plist;
				LD_RUNPATH_SEARCH_PATHS = "$(inherited) @executable_path/Frameworks @loader_path/Frameworks";
				PRODUCT_BUNDLE_IDENTIFIER = com.SafeMedicationVishuo.www.UIViewRefactorAndDestructExtensionDemoTests;
				PRODUCT_NAME = "$(TARGET_NAME)";
				TEST_HOST = "$(BUILT_PRODUCTS_DIR)/UIViewRefactorAndDestructExtensionDemo.app/UIViewRefactorAndDestructExtensionDemo";
			};
			name = Release;
		};
/* End XCBuildConfiguration section */

/* Begin XCConfigurationList section */
		046296711F330022002490F2 /* Build configuration list for PBXProject "UIViewRefactorAndDestructExtensionDemo" */ = {
			isa = XCConfigurationList;
			buildConfigurations = (
				046296961F330025002490F2 /* Debug */,
				046296971F330025002490F2 /* Release */,
			);
			defaultConfigurationIsVisible = 0;
			defaultConfigurationName = Release;
		};
		046296981F330025002490F2 /* Build configuration list for PBXNativeTarget "UIViewRefactorAndDestructExtensionDemo" */ = {
			isa = XCConfigurationList;
			buildConfigurations = (
				046296991F330025002490F2 /* Debug */,
				0462969A1F330025002490F2 /* Release */,
			);
			defaultConfigurationIsVisible = 0;
		};
		0462969B1F330025002490F2 /* Build configuration list for PBXNativeTarget "UIViewRefactorAndDestructExtensionDemoTests" */ = {
			isa = XCConfigurationList;
			buildConfigurations = (
				0462969C1F330025002490F2 /* Debug */,
				0462969D1F330025002490F2 /* Release */,
			);
			defaultConfigurationIsVisible = 0;
		};
/* End XCConfigurationList section */
	};
	rootObject = 0462966E1F330022002490F2 /* Project object */;
}
