// !$*UTF8*$!
{
	archiveVersion = 1;
	classes = {
	};
	objectVersion = 50;
	objects = {

/* Begin PBXBuildFile section */
		040AF593213397AA006F2449 /* SpringHeaderViewController.m in Sources */ = {isa = PBXBuildFile; fileRef = 040AF592213397AA006F2449 /* SpringHeaderViewController.m */; };
		040AF5972133990A006F2449 /* WTSpringHeaderView.m in Sources */ = {isa = PBXBuildFile; fileRef = 040AF5962133990A006F2449 /* WTSpringHeaderView.m */; };
		040AF59A21339DF5006F2449 /* UIScrollView+WTSpringHeader.m in Sources */ = {isa = PBXBuildFile; fileRef = 040AF59921339DF5006F2449 /* UIScrollView+WTSpringHeader.m */; };
		040D816E2119866E00DA4709 /* AppDelegate.m in Sources */ = {isa = PBXBuildFile; fileRef = 040D816D2119866E00DA4709 /* AppDelegate.m */; };
		040D81712119866E00DA4709 /* ViewController.m in Sources */ = {isa = PBXBuildFile; fileRef = 040D81702119866E00DA4709 /* ViewController.m */; };
		040D81742119866E00DA4709 /* Main.storyboard in Resources */ = {isa = PBXBuildFile; fileRef = 040D81722119866E00DA4709 /* Main.storyboard */; };
		040D81762119866F00DA4709 /* Assets.xcassets in Resources */ = {isa = PBXBuildFile; fileRef = 040D81752119866F00DA4709 /* Assets.xcassets */; };
		040D81792119866F00DA4709 /* LaunchScreen.storyboard in Resources */ = {isa = PBXBuildFile; fileRef = 040D81772119866F00DA4709 /* LaunchScreen.storyboard */; };
		040D817C2119866F00DA4709 /* main.m in Sources */ = {isa = PBXBuildFile; fileRef = 040D817B2119866F00DA4709 /* main.m */; };
		040D81862119866F00DA4709 /* CoreAdvancedAnimationTests.m in Sources */ = {isa = PBXBuildFile; fileRef = 040D81852119866F00DA4709 /* CoreAdvancedAnimationTests.m */; };
		040D81912119867000DA4709 /* CoreAdvancedAnimationUITests.m in Sources */ = {isa = PBXBuildFile; fileRef = 040D81902119867000DA4709 /* CoreAdvancedAnimationUITests.m */; };
		040D81A32119872800DA4709 /* HiddenAnimationViewController.m in Sources */ = {isa = PBXBuildFile; fileRef = 040D81A12119872800DA4709 /* HiddenAnimationViewController.m */; };
		040D81A721198BD900DA4709 /* WTRedView.m in Sources */ = {isa = PBXBuildFile; fileRef = 040D81A621198BD900DA4709 /* WTRedView.m */; };
		040D81AB2119996700DA4709 /* JitterViewController.m in Sources */ = {isa = PBXBuildFile; fileRef = 040D81AA2119996700DA4709 /* JitterViewController.m */; };
		040FAF9C2126666800746C87 /* FishModelImageView.m in Sources */ = {isa = PBXBuildFile; fileRef = 040FAF9B2126666800746C87 /* FishModelImageView.m */; };
		040FAFA12126666E00746C87 /* UIView+Extension.m in Sources */ = {isa = PBXBuildFile; fileRef = 040FAFA02126666E00746C87 /* UIView+Extension.m */; };
		0477DD32211AC15C00DF72AE /* TransitionViewController.m in Sources */ = {isa = PBXBuildFile; fileRef = 0477DD31211AC15B00DF72AE /* TransitionViewController.m */; };
		0477DD36211ADC7A00DF72AE /* SkidViewController.m in Sources */ = {isa = PBXBuildFile; fileRef = 0477DD35211ADC7A00DF72AE /* SkidViewController.m */; };
		0477DD39211ADE4C00DF72AE /* slideMenuBtn.m in Sources */ = {isa = PBXBuildFile; fileRef = 0477DD38211ADE4C00DF72AE /* slideMenuBtn.m */; };
		0477DD3C211AE6A200DF72AE /* slideMenuView.m in Sources */ = {isa = PBXBuildFile; fileRef = 0477DD3B211AE6A200DF72AE /* slideMenuView.m */; };
		0477DD40211C338300DF72AE /* LinkViewController.m in Sources */ = {isa = PBXBuildFile; fileRef = 0477DD3F211C338200DF72AE /* LinkViewController.m */; };
		0477DD44211D3D0100DF72AE /* MatchstickMenViewController.m in Sources */ = {isa = PBXBuildFile; fileRef = 0477DD43211D3D0100DF72AE /* MatchstickMenViewController.m */; };
		0477DD48211D7E4200DF72AE /* SublayerViewController.m in Sources */ = {isa = PBXBuildFile; fileRef = 0477DD47211D7E4200DF72AE /* SublayerViewController.m */; };
		0477DD4C211D9A4F00DF72AE /* CustomTransitionViewController.m in Sources */ = {isa = PBXBuildFile; fileRef = 0477DD4B211D9A4F00DF72AE /* CustomTransitionViewController.m */; };
		0477DD4F211D9C4000DF72AE /* SecondViewController.m in Sources */ = {isa = PBXBuildFile; fileRef = 0477DD4E211D9C4000DF72AE /* SecondViewController.m */; };
		04EE560621211B4200D74017 /* UIView+UIView_Gradient.m in Sources */ = {isa = PBXBuildFile; fileRef = 04EE560521211B4200D74017 /* UIView+UIView_Gradient.m */; };
		04EE5609212123E700D74017 /* UILabel+MoneyAnimation.m in Sources */ = {isa = PBXBuildFile; fileRef = 04EE5608212123E700D74017 /* UILabel+MoneyAnimation.m */; };
		04EE560D212125D700D74017 /* NumberAnimationViewController.m in Sources */ = {isa = PBXBuildFile; fileRef = 04EE560C212125D700D74017 /* NumberAnimationViewController.m */; };
		04EE561021215C4C00D74017 /* WTCircleTransition.m in Sources */ = {isa = PBXBuildFile; fileRef = 04EE560F21215C4C00D74017 /* WTCircleTransition.m */; };
		04EE561421217F1F00D74017 /* BubbleDragViewController.m in Sources */ = {isa = PBXBuildFile; fileRef = 04EE561321217F1F00D74017 /* BubbleDragViewController.m */; };
		04EE5618212278E400D74017 /* PhysicsEngineViewController.m in Sources */ = {isa = PBXBuildFile; fileRef = 04EE5617212278E400D74017 /* PhysicsEngineViewController.m */; };
/* End PBXBuildFile section */

/* Begin PBXContainerItemProxy section */
		040D81822119866F00DA4709 /* PBXContainerItemProxy */ = {
			isa = PBXContainerItemProxy;
			containerPortal = 040D81612119866E00DA4709 /* Project object */;
			proxyType = 1;
			remoteGlobalIDString = 040D81682119866E00DA4709;
			remoteInfo = CoreAdvancedAnimation;
		};
		040D818D2119867000DA4709 /* PBXContainerItemProxy */ = {
			isa = PBXContainerItemProxy;
			containerPortal = 040D81612119866E00DA4709 /* Project object */;
			proxyType = 1;
			remoteGlobalIDString = 040D81682119866E00DA4709;
			remoteInfo = CoreAdvancedAnimation;
		};
/* End PBXContainerItemProxy section */

/* Begin PBXFileReference section */
		040AF591213397AA006F2449 /* SpringHeaderViewController.h */ = {isa = PBXFileReference; lastKnownFileType = sourcecode.c.h; path = SpringHeaderViewController.h; sourceTree = "<group>"; };
		040AF592213397AA006F2449 /* SpringHeaderViewController.m */ = {isa = PBXFileReference; lastKnownFileType = sourcecode.c.objc; path = SpringHeaderViewController.m; sourceTree = "<group>"; };
		040AF5952133990A006F2449 /* WTSpringHeaderView.h */ = {isa = PBXFileReference; lastKnownFileType = sourcecode.c.h; path = WTSpringHeaderView.h; sourceTree = "<group>"; };
		040AF5962133990A006F2449 /* WTSpringHeaderView.m */ = {isa = PBXFileReference; lastKnownFileType = sourcecode.c.objc; path = WTSpringHeaderView.m; sourceTree = "<group>"; };
		040AF59821339DF5006F2449 /* UIScrollView+WTSpringHeader.h */ = {isa = PBXFileReference; lastKnownFileType = sourcecode.c.h; path = "UIScrollView+WTSpringHeader.h"; sourceTree = "<group>"; };
		040AF59921339DF5006F2449 /* UIScrollView+WTSpringHeader.m */ = {isa = PBXFileReference; lastKnownFileType = sourcecode.c.objc; path = "UIScrollView+WTSpringHeader.m"; sourceTree = "<group>"; };
		040D81692119866E00DA4709 /* CoreAdvancedAnimation.app */ = {isa = PBXFileReference; explicitFileType = wrapper.application; includeInIndex = 0; path = CoreAdvancedAnimation.app; sourceTree = BUILT_PRODUCTS_DIR; };
		040D816C2119866E00DA4709 /* AppDelegate.h */ = {isa = PBXFileReference; lastKnownFileType = sourcecode.c.h; path = AppDelegate.h; sourceTree = "<group>"; };
		040D816D2119866E00DA4709 /* AppDelegate.m */ = {isa = PBXFileReference; lastKnownFileType = sourcecode.c.objc; path = AppDelegate.m; sourceTree = "<group>"; };
		040D816F2119866E00DA4709 /* ViewController.h */ = {isa = PBXFileReference; lastKnownFileType = sourcecode.c.h; path = ViewController.h; sourceTree = "<group>"; };
		040D81702119866E00DA4709 /* ViewController.m */ = {isa = PBXFileReference; lastKnownFileType = sourcecode.c.objc; path = ViewController.m; sourceTree = "<group>"; };
		040D81732119866E00DA4709 /* Base */ = {isa = PBXFileReference; lastKnownFileType = file.storyboard; name = Base; path = Base.lproj/Main.storyboard; sourceTree = "<group>"; };
		040D81752119866F00DA4709 /* Assets.xcassets */ = {isa = PBXFileReference; lastKnownFileType = folder.assetcatalog; path = Assets.xcassets; sourceTree = "<group>"; };
		040D81782119866F00DA4709 /* Base */ = {isa = PBXFileReference; lastKnownFileType = file.storyboard; name = Base; path = Base.lproj/LaunchScreen.storyboard; sourceTree = "<group>"; };
		040D817A2119866F00DA4709 /* Info.plist */ = {isa = PBXFileReference; lastKnownFileType = text.plist.xml; path = Info.plist; sourceTree = "<group>"; };
		040D817B2119866F00DA4709 /* main.m */ = {isa = PBXFileReference; lastKnownFileType = sourcecode.c.objc; path = main.m; sourceTree = "<group>"; };
		040D81812119866F00DA4709 /* CoreAdvancedAnimationTests.xctest */ = {isa = PBXFileReference; explicitFileType = wrapper.cfbundle; includeInIndex = 0; path = CoreAdvancedAnimationTests.xctest; sourceTree = BUILT_PRODUCTS_DIR; };
		040D81852119866F00DA4709 /* CoreAdvancedAnimationTests.m */ = {isa = PBXFileReference; lastKnownFileType = sourcecode.c.objc; path = CoreAdvancedAnimationTests.m; sourceTree = "<group>"; };
		040D81872119866F00DA4709 /* Info.plist */ = {isa = PBXFileReference; lastKnownFileType = text.plist.xml; path = Info.plist; sourceTree = "<group>"; };
		040D818C2119867000DA4709 /* CoreAdvancedAnimationUITests.xctest */ = {isa = PBXFileReference; explicitFileType = wrapper.cfbundle; includeInIndex = 0; path = CoreAdvancedAnimationUITests.xctest; sourceTree = BUILT_PRODUCTS_DIR; };
		040D81902119867000DA4709 /* CoreAdvancedAnimationUITests.m */ = {isa = PBXFileReference; lastKnownFileType = sourcecode.c.objc; path = CoreAdvancedAnimationUITests.m; sourceTree = "<group>"; };
		040D81922119867000DA4709 /* Info.plist */ = {isa = PBXFileReference; lastKnownFileType = text.plist.xml; path = Info.plist; sourceTree = "<group>"; };
		040D81A02119872800DA4709 /* HiddenAnimationViewController.h */ = {isa = PBXFileReference; lastKnownFileType = sourcecode.c.h; path = HiddenAnimationViewController.h; sourceTree = "<group>"; };
		040D81A12119872800DA4709 /* HiddenAnimationViewController.m */ = {isa = PBXFileReference; lastKnownFileType = sourcecode.c.objc; path = HiddenAnimationViewController.m; sourceTree = "<group>"; };
		040D81A521198BD900DA4709 /* WTRedView.h */ = {isa = PBXFileReference; fileEncoding = 4; lastKnownFileType = sourcecode.c.h; path = WTRedView.h; sourceTree = "<group>"; };
		040D81A621198BD900DA4709 /* WTRedView.m */ = {isa = PBXFileReference; fileEncoding = 4; lastKnownFileType = sourcecode.c.objc; path = WTRedView.m; sourceTree = "<group>"; };
		040D81A92119996700DA4709 /* JitterViewController.h */ = {isa = PBXFileReference; lastKnownFileType = sourcecode.c.h; path = JitterViewController.h; sourceTree = "<group>"; };
		040D81AA2119996700DA4709 /* JitterViewController.m */ = {isa = PBXFileReference; lastKnownFileType = sourcecode.c.objc; path = JitterViewController.m; sourceTree = "<group>"; };
		040FAF9A2126666800746C87 /* FishModelImageView.h */ = {isa = PBXFileReference; fileEncoding = 4; lastKnownFileType = sourcecode.c.h; path = FishModelImageView.h; sourceTree = "<group>"; };
		040FAF9B2126666800746C87 /* FishModelImageView.m */ = {isa = PBXFileReference; fileEncoding = 4; lastKnownFileType = sourcecode.c.objc; path = FishModelImageView.m; sourceTree = "<group>"; };
		040FAF9E2126666E00746C87 /* GlobalDefine.h */ = {isa = PBXFileReference; fileEncoding = 4; lastKnownFileType = sourcecode.c.h; path = GlobalDefine.h; sourceTree = "<group>"; };
		040FAF9F2126666E00746C87 /* UIView+Extension.h */ = {isa = PBXFileReference; fileEncoding = 4; lastKnownFileType = sourcecode.c.h; path = "UIView+Extension.h"; sourceTree = "<group>"; };
		040FAFA02126666E00746C87 /* UIView+Extension.m */ = {isa = PBXFileReference; fileEncoding = 4; lastKnownFileType = sourcecode.c.objc; path = "UIView+Extension.m"; sourceTree = "<group>"; };
		0477DD30211AC15B00DF72AE /* TransitionViewController.h */ = {isa = PBXFileReference; fileEncoding = 4; lastKnownFileType = sourcecode.c.h; path = TransitionViewController.h; sourceTree = "<group>"; };
		0477DD31211AC15B00DF72AE /* TransitionViewController.m */ = {isa = PBXFileReference; fileEncoding = 4; lastKnownFileType = sourcecode.c.objc; path = TransitionViewController.m; sourceTree = "<group>"; };
		0477DD34211ADC7A00DF72AE /* SkidViewController.h */ = {isa = PBXFileReference; lastKnownFileType = sourcecode.c.h; path = SkidViewController.h; sourceTree = "<group>"; };
		0477DD35211ADC7A00DF72AE /* SkidViewController.m */ = {isa = PBXFileReference; lastKnownFileType = sourcecode.c.objc; path = SkidViewController.m; sourceTree = "<group>"; };
		0477DD37211ADE4C00DF72AE /* slideMenuBtn.h */ = {isa = PBXFileReference; lastKnownFileType = sourcecode.c.h; path = slideMenuBtn.h; sourceTree = "<group>"; };
		0477DD38211ADE4C00DF72AE /* slideMenuBtn.m */ = {isa = PBXFileReference; lastKnownFileType = sourcecode.c.objc; path = slideMenuBtn.m; sourceTree = "<group>"; };
		0477DD3A211AE6A200DF72AE /* slideMenuView.h */ = {isa = PBXFileReference; lastKnownFileType = sourcecode.c.h; path = slideMenuView.h; sourceTree = "<group>"; };
		0477DD3B211AE6A200DF72AE /* slideMenuView.m */ = {isa = PBXFileReference; lastKnownFileType = sourcecode.c.objc; path = slideMenuView.m; sourceTree = "<group>"; };
		0477DD3E211C338200DF72AE /* LinkViewController.h */ = {isa = PBXFileReference; lastKnownFileType = sourcecode.c.h; path = LinkViewController.h; sourceTree = "<group>"; };
		0477DD3F211C338200DF72AE /* LinkViewController.m */ = {isa = PBXFileReference; lastKnownFileType = sourcecode.c.objc; path = LinkViewController.m; sourceTree = "<group>"; };
		0477DD42211D3D0100DF72AE /* MatchstickMenViewController.h */ = {isa = PBXFileReference; lastKnownFileType = sourcecode.c.h; path = MatchstickMenViewController.h; sourceTree = "<group>"; };
		0477DD43211D3D0100DF72AE /* MatchstickMenViewController.m */ = {isa = PBXFileReference; lastKnownFileType = sourcecode.c.objc; path = MatchstickMenViewController.m; sourceTree = "<group>"; };
		0477DD46211D7E4200DF72AE /* SublayerViewController.h */ = {isa = PBXFileReference; lastKnownFileType = sourcecode.c.h; path = SublayerViewController.h; sourceTree = "<group>"; };
		0477DD47211D7E4200DF72AE /* SublayerViewController.m */ = {isa = PBXFileReference; lastKnownFileType = sourcecode.c.objc; path = SublayerViewController.m; sourceTree = "<group>"; };
		0477DD4A211D9A4F00DF72AE /* CustomTransitionViewController.h */ = {isa = PBXFileReference; lastKnownFileType = sourcecode.c.h; path = CustomTransitionViewController.h; sourceTree = "<group>"; };
		0477DD4B211D9A4F00DF72AE /* CustomTransitionViewController.m */ = {isa = PBXFileReference; lastKnownFileType = sourcecode.c.objc; path = CustomTransitionViewController.m; sourceTree = "<group>"; };
		0477DD4D211D9C4000DF72AE /* SecondViewController.h */ = {isa = PBXFileReference; lastKnownFileType = sourcecode.c.h; path = SecondViewController.h; sourceTree = "<group>"; };
		0477DD4E211D9C4000DF72AE /* SecondViewController.m */ = {isa = PBXFileReference; lastKnownFileType = sourcecode.c.objc; path = SecondViewController.m; sourceTree = "<group>"; };
		04EE560421211B4200D74017 /* UIView+UIView_Gradient.h */ = {isa = PBXFileReference; lastKnownFileType = sourcecode.c.h; path = "UIView+UIView_Gradient.h"; sourceTree = "<group>"; };
		04EE560521211B4200D74017 /* UIView+UIView_Gradient.m */ = {isa = PBXFileReference; lastKnownFileType = sourcecode.c.objc; path = "UIView+UIView_Gradient.m"; sourceTree = "<group>"; };
		04EE5607212123E700D74017 /* UILabel+MoneyAnimation.h */ = {isa = PBXFileReference; lastKnownFileType = sourcecode.c.h; path = "UILabel+MoneyAnimation.h"; sourceTree = "<group>"; };
		04EE5608212123E700D74017 /* UILabel+MoneyAnimation.m */ = {isa = PBXFileReference; lastKnownFileType = sourcecode.c.objc; path = "UILabel+MoneyAnimation.m"; sourceTree = "<group>"; };
		04EE560B212125D700D74017 /* NumberAnimationViewController.h */ = {isa = PBXFileReference; lastKnownFileType = sourcecode.c.h; path = NumberAnimationViewController.h; sourceTree = "<group>"; };
		04EE560C212125D700D74017 /* NumberAnimationViewController.m */ = {isa = PBXFileReference; lastKnownFileType = sourcecode.c.objc; path = NumberAnimationViewController.m; sourceTree = "<group>"; };
		04EE560E21215C4C00D74017 /* WTCircleTransition.h */ = {isa = PBXFileReference; lastKnownFileType = sourcecode.c.h; path = WTCircleTransition.h; sourceTree = "<group>"; };
		04EE560F21215C4C00D74017 /* WTCircleTransition.m */ = {isa = PBXFileReference; lastKnownFileType = sourcecode.c.objc; path = WTCircleTransition.m; sourceTree = "<group>"; };
		04EE561221217F1F00D74017 /* BubbleDragViewController.h */ = {isa = PBXFileReference; lastKnownFileType = sourcecode.c.h; path = BubbleDragViewController.h; sourceTree = "<group>"; };
		04EE561321217F1F00D74017 /* BubbleDragViewController.m */ = {isa = PBXFileReference; lastKnownFileType = sourcecode.c.objc; path = BubbleDragViewController.m; sourceTree = "<group>"; };
		04EE5616212278E400D74017 /* PhysicsEngineViewController.h */ = {isa = PBXFileReference; lastKnownFileType = sourcecode.c.h; path = PhysicsEngineViewController.h; sourceTree = "<group>"; };
		04EE5617212278E400D74017 /* PhysicsEngineViewController.m */ = {isa = PBXFileReference; lastKnownFileType = sourcecode.c.objc; path = PhysicsEngineViewController.m; sourceTree = "<group>"; };
/* End PBXFileReference section */

/* Begin PBXFrameworksBuildPhase section */
		040D81662119866E00DA4709 /* Frameworks */ = {
			isa = PBXFrameworksBuildPhase;
			buildActionMask = 2147483647;
			files = (
			);
			runOnlyForDeploymentPostprocessing = 0;
		};
		040D817E2119866F00DA4709 /* Frameworks */ = {
			isa = PBXFrameworksBuildPhase;
			buildActionMask = 2147483647;
			files = (
			);
			runOnlyForDeploymentPostprocessing = 0;
		};
		040D81892119867000DA4709 /* Frameworks */ = {
			isa = PBXFrameworksBuildPhase;
			buildActionMask = 2147483647;
			files = (
			);
			runOnlyForDeploymentPostprocessing = 0;
		};
/* End PBXFrameworksBuildPhase section */

/* Begin PBXGroup section */
		040AF59021339775006F2449 /* 弹簧Header */ = {
			isa = PBXGroup;
			children = (
				040AF594213398DC006F2449 /* WTSpringHeader */,
				040AF591213397AA006F2449 /* SpringHeaderViewController.h */,
				040AF592213397AA006F2449 /* SpringHeaderViewController.m */,
			);
			path = "弹簧Header";
			sourceTree = "<group>";
		};
		040AF594213398DC006F2449 /* WTSpringHeader */ = {
			isa = PBXGroup;
			children = (
				040AF5952133990A006F2449 /* WTSpringHeaderView.h */,
				040AF5962133990A006F2449 /* WTSpringHeaderView.m */,
				040AF59821339DF5006F2449 /* UIScrollView+WTSpringHeader.h */,
				040AF59921339DF5006F2449 /* UIScrollView+WTSpringHeader.m */,
			);
			path = WTSpringHeader;
			sourceTree = "<group>";
		};
		040D81602119866E00DA4709 = {
			isa = PBXGroup;
			children = (
				040D816B2119866E00DA4709 /* CoreAdvancedAnimation */,
				040D81842119866F00DA4709 /* CoreAdvancedAnimationTests */,
				040D818F2119867000DA4709 /* CoreAdvancedAnimationUITests */,
				040D816A2119866E00DA4709 /* Products */,
			);
			sourceTree = "<group>";
		};
		040D816A2119866E00DA4709 /* Products */ = {
			isa = PBXGroup;
			children = (
				040D81692119866E00DA4709 /* CoreAdvancedAnimation.app */,
				040D81812119866F00DA4709 /* CoreAdvancedAnimationTests.xctest */,
				040D818C2119867000DA4709 /* CoreAdvancedAnimationUITests.xctest */,
			);
			name = Products;
			sourceTree = "<group>";
		};
		040D816B2119866E00DA4709 /* CoreAdvancedAnimation */ = {
			isa = PBXGroup;
			children = (
				040FAF9D2126666E00746C87 /* Utils */,
				040AF59021339775006F2449 /* 弹簧Header */,
				040FAF992126666800746C87 /* AnimationView */,
				04EE5615212278B700D74017 /* 2D物理引擎 */,
				04EE561121217EE000D74017 /* QQ气泡拖拽 */,
				0477DD49211D9A1500DF72AE /* 自定义转场动画 */,
				04EE560A2121253100D74017 /* 数字跳动&翻页动画 */,
				0477DD45211D7E1100DF72AE /* 子图层 */,
				0477DD41211D3CEA00DF72AE /* 贝塞尔曲线绘制火柴人 */,
				0477DD3D211C336400DF72AE /* 粒子(点赞&雪花)动画 */,
				0477DD33211ADC5E00DF72AE /* 菜单侧滑动画 */,
				0477DD2F211AC15B00DF72AE /* 转场动画&组动画 */,
				040D81A82119992500DA4709 /* 关键帧动画 */,
				040D819F2119870300DA4709 /* 隐式动画 */,
				040D819E211986F100DA4709 /* ohter */,
				040D817A2119866F00DA4709 /* Info.plist */,
				040D817B2119866F00DA4709 /* main.m */,
			);
			path = CoreAdvancedAnimation;
			sourceTree = "<group>";
		};
		040D81842119866F00DA4709 /* CoreAdvancedAnimationTests */ = {
			isa = PBXGroup;
			children = (
				040D81852119866F00DA4709 /* CoreAdvancedAnimationTests.m */,
				040D81872119866F00DA4709 /* Info.plist */,
			);
			path = CoreAdvancedAnimationTests;
			sourceTree = "<group>";
		};
		040D818F2119867000DA4709 /* CoreAdvancedAnimationUITests */ = {
			isa = PBXGroup;
			children = (
				040D81902119867000DA4709 /* CoreAdvancedAnimationUITests.m */,
				040D81922119867000DA4709 /* Info.plist */,
			);
			path = CoreAdvancedAnimationUITests;
			sourceTree = "<group>";
		};
		040D819E211986F100DA4709 /* ohter */ = {
			isa = PBXGroup;
			children = (
				040D816C2119866E00DA4709 /* AppDelegate.h */,
				040D816D2119866E00DA4709 /* AppDelegate.m */,
				040D816F2119866E00DA4709 /* ViewController.h */,
				040D81702119866E00DA4709 /* ViewController.m */,
				040D81722119866E00DA4709 /* Main.storyboard */,
				040D81752119866F00DA4709 /* Assets.xcassets */,
				040D81772119866F00DA4709 /* LaunchScreen.storyboard */,
			);
			path = ohter;
			sourceTree = "<group>";
		};
		040D819F2119870300DA4709 /* 隐式动画 */ = {
			isa = PBXGroup;
			children = (
				040D81A521198BD900DA4709 /* WTRedView.h */,
				040D81A621198BD900DA4709 /* WTRedView.m */,
				040D81A02119872800DA4709 /* HiddenAnimationViewController.h */,
				040D81A12119872800DA4709 /* HiddenAnimationViewController.m */,
			);
			path = "隐式动画";
			sourceTree = "<group>";
		};
		040D81A82119992500DA4709 /* 关键帧动画 */ = {
			isa = PBXGroup;
			children = (
				040D81A92119996700DA4709 /* JitterViewController.h */,
				040D81AA2119996700DA4709 /* JitterViewController.m */,
			);
			path = "关键帧动画";
			sourceTree = "<group>";
		};
		040FAF992126666800746C87 /* AnimationView */ = {
			isa = PBXGroup;
			children = (
				040FAF9A2126666800746C87 /* FishModelImageView.h */,
				040FAF9B2126666800746C87 /* FishModelImageView.m */,
			);
			path = AnimationView;
			sourceTree = "<group>";
		};
		040FAF9D2126666E00746C87 /* Utils */ = {
			isa = PBXGroup;
			children = (
				04EE560321211AE900D74017 /* WTCategory */,
				040FAF9E2126666E00746C87 /* GlobalDefine.h */,
				040FAF9F2126666E00746C87 /* UIView+Extension.h */,
				040FAFA02126666E00746C87 /* UIView+Extension.m */,
			);
			path = Utils;
			sourceTree = "<group>";
		};
		0477DD2F211AC15B00DF72AE /* 转场动画&组动画 */ = {
			isa = PBXGroup;
			children = (
				0477DD30211AC15B00DF72AE /* TransitionViewController.h */,
				0477DD31211AC15B00DF72AE /* TransitionViewController.m */,
			);
			path = "转场动画&组动画";
			sourceTree = "<group>";
		};
		0477DD33211ADC5E00DF72AE /* 菜单侧滑动画 */ = {
			isa = PBXGroup;
			children = (
				0477DD34211ADC7A00DF72AE /* SkidViewController.h */,
				0477DD35211ADC7A00DF72AE /* SkidViewController.m */,
				0477DD3A211AE6A200DF72AE /* slideMenuView.h */,
				0477DD3B211AE6A200DF72AE /* slideMenuView.m */,
				0477DD37211ADE4C00DF72AE /* slideMenuBtn.h */,
				0477DD38211ADE4C00DF72AE /* slideMenuBtn.m */,
			);
			path = "菜单侧滑动画";
			sourceTree = "<group>";
		};
		0477DD3D211C336400DF72AE /* 粒子(点赞&雪花)动画 */ = {
			isa = PBXGroup;
			children = (
				0477DD3E211C338200DF72AE /* LinkViewController.h */,
				0477DD3F211C338200DF72AE /* LinkViewController.m */,
			);
			path = "粒子(点赞&雪花)动画";
			sourceTree = "<group>";
		};
		0477DD41211D3CEA00DF72AE /* 贝塞尔曲线绘制火柴人 */ = {
			isa = PBXGroup;
			children = (
				0477DD42211D3D0100DF72AE /* MatchstickMenViewController.h */,
				0477DD43211D3D0100DF72AE /* MatchstickMenViewController.m */,
			);
			path = "贝塞尔曲线绘制火柴人";
			sourceTree = "<group>";
		};
		0477DD45211D7E1100DF72AE /* 子图层 */ = {
			isa = PBXGroup;
			children = (
				0477DD46211D7E4200DF72AE /* SublayerViewController.h */,
				0477DD47211D7E4200DF72AE /* SublayerViewController.m */,
			);
			path = "子图层";
			sourceTree = "<group>";
		};
		0477DD49211D9A1500DF72AE /* 自定义转场动画 */ = {
			isa = PBXGroup;
			children = (
				0477DD4A211D9A4F00DF72AE /* CustomTransitionViewController.h */,
				0477DD4B211D9A4F00DF72AE /* CustomTransitionViewController.m */,
				0477DD4D211D9C4000DF72AE /* SecondViewController.h */,
				0477DD4E211D9C4000DF72AE /* SecondViewController.m */,
				04EE560E21215C4C00D74017 /* WTCircleTransition.h */,
				04EE560F21215C4C00D74017 /* WTCircleTransition.m */,
			);
			path = "自定义转场动画";
			sourceTree = "<group>";
		};
		04EE560321211AE900D74017 /* WTCategory */ = {
			isa = PBXGroup;
			children = (
				04EE560421211B4200D74017 /* UIView+UIView_Gradient.h */,
				04EE560521211B4200D74017 /* UIView+UIView_Gradient.m */,
				04EE5607212123E700D74017 /* UILabel+MoneyAnimation.h */,
				04EE5608212123E700D74017 /* UILabel+MoneyAnimation.m */,
			);
			path = WTCategory;
			sourceTree = "<group>";
		};
		04EE560A2121253100D74017 /* 数字跳动&翻页动画 */ = {
			isa = PBXGroup;
			children = (
				04EE560B212125D700D74017 /* NumberAnimationViewController.h */,
				04EE560C212125D700D74017 /* NumberAnimationViewController.m */,
			);
			path = "数字跳动&翻页动画";
			sourceTree = "<group>";
		};
		04EE561121217EE000D74017 /* QQ气泡拖拽 */ = {
			isa = PBXGroup;
			children = (
				04EE561221217F1F00D74017 /* BubbleDragViewController.h */,
				04EE561321217F1F00D74017 /* BubbleDragViewController.m */,
			);
			path = "QQ气泡拖拽";
			sourceTree = "<group>";
		};
		04EE5615212278B700D74017 /* 2D物理引擎 */ = {
			isa = PBXGroup;
			children = (
				04EE5616212278E400D74017 /* PhysicsEngineViewController.h */,
				04EE5617212278E400D74017 /* PhysicsEngineViewController.m */,
			);
			path = "2D物理引擎";
			sourceTree = "<group>";
		};
/* End PBXGroup section */

/* Begin PBXNativeTarget section */
		040D81682119866E00DA4709 /* CoreAdvancedAnimation */ = {
			isa = PBXNativeTarget;
			buildConfigurationList = 040D81952119867000DA4709 /* Build configuration list for PBXNativeTarget "CoreAdvancedAnimation" */;
			buildPhases = (
				040D81652119866E00DA4709 /* Sources */,
				040D81662119866E00DA4709 /* Frameworks */,
				040D81672119866E00DA4709 /* Resources */,
			);
			buildRules = (
			);
			dependencies = (
			);
			name = CoreAdvancedAnimation;
			productName = CoreAdvancedAnimation;
			productReference = 040D81692119866E00DA4709 /* CoreAdvancedAnimation.app */;
			productType = "com.apple.product-type.application";
		};
		040D81802119866F00DA4709 /* CoreAdvancedAnimationTests */ = {
			isa = PBXNativeTarget;
			buildConfigurationList = 040D81982119867000DA4709 /* Build configuration list for PBXNativeTarget "CoreAdvancedAnimationTests" */;
			buildPhases = (
				040D817D2119866F00DA4709 /* Sources */,
				040D817E2119866F00DA4709 /* Frameworks */,
				040D817F2119866F00DA4709 /* Resources */,
			);
			buildRules = (
			);
			dependencies = (
				040D81832119866F00DA4709 /* PBXTargetDependency */,
			);
			name = CoreAdvancedAnimationTests;
			productName = CoreAdvancedAnimationTests;
			productReference = 040D81812119866F00DA4709 /* CoreAdvancedAnimationTests.xctest */;
			productType = "com.apple.product-type.bundle.unit-test";
		};
		040D818B2119867000DA4709 /* CoreAdvancedAnimationUITests */ = {
			isa = PBXNativeTarget;
			buildConfigurationList = 040D819B2119867000DA4709 /* Build configuration list for PBXNativeTarget "CoreAdvancedAnimationUITests" */;
			buildPhases = (
				040D81882119867000DA4709 /* Sources */,
				040D81892119867000DA4709 /* Frameworks */,
				040D818A2119867000DA4709 /* Resources */,
			);
			buildRules = (
			);
			dependencies = (
				040D818E2119867000DA4709 /* PBXTargetDependency */,
			);
			name = CoreAdvancedAnimationUITests;
			productName = CoreAdvancedAnimationUITests;
			productReference = 040D818C2119867000DA4709 /* CoreAdvancedAnimationUITests.xctest */;
			productType = "com.apple.product-type.bundle.ui-testing";
		};
/* End PBXNativeTarget section */

/* Begin PBXProject section */
		040D81612119866E00DA4709 /* Project object */ = {
			isa = PBXProject;
			attributes = {
				LastUpgradeCheck = 0930;
				ORGANIZATIONNAME = mac;
				TargetAttributes = {
					040D81682119866E00DA4709 = {
						CreatedOnToolsVersion = 9.3;
					};
					040D81802119866F00DA4709 = {
						CreatedOnToolsVersion = 9.3;
						TestTargetID = 040D81682119866E00DA4709;
					};
					040D818B2119867000DA4709 = {
						CreatedOnToolsVersion = 9.3;
						TestTargetID = 040D81682119866E00DA4709;
					};
				};
			};
			buildConfigurationList = 040D81642119866E00DA4709 /* Build configuration list for PBXProject "CoreAdvancedAnimation" */;
			compatibilityVersion = "Xcode 9.3";
			developmentRegion = en;
			hasScannedForEncodings = 0;
			knownRegions = (
				en,
				Base,
			);
			mainGroup = 040D81602119866E00DA4709;
			productRefGroup = 040D816A2119866E00DA4709 /* Products */;
			projectDirPath = "";
			projectRoot = "";
			targets = (
				040D81682119866E00DA4709 /* CoreAdvancedAnimation */,
				040D81802119866F00DA4709 /* CoreAdvancedAnimationTests */,
				040D818B2119867000DA4709 /* CoreAdvancedAnimationUITests */,
			);
		};
/* End PBXProject section */

/* Begin PBXResourcesBuildPhase section */
		040D81672119866E00DA4709 /* Resources */ = {
			isa = PBXResourcesBuildPhase;
			buildActionMask = 2147483647;
			files = (
				040D81792119866F00DA4709 /* LaunchScreen.storyboard in Resources */,
				040D81762119866F00DA4709 /* Assets.xcassets in Resources */,
				040D81742119866E00DA4709 /* Main.storyboard in Resources */,
			);
			runOnlyForDeploymentPostprocessing = 0;
		};
		040D817F2119866F00DA4709 /* Resources */ = {
			isa = PBXResourcesBuildPhase;
			buildActionMask = 2147483647;
			files = (
			);
			runOnlyForDeploymentPostprocessing = 0;
		};
		040D818A2119867000DA4709 /* Resources */ = {
			isa = PBXResourcesBuildPhase;
			buildActionMask = 2147483647;
			files = (
			);
			runOnlyForDeploymentPostprocessing = 0;
		};
/* End PBXResourcesBuildPhase section */

/* Begin PBXSourcesBuildPhase section */
		040D81652119866E00DA4709 /* Sources */ = {
			isa = PBXSourcesBuildPhase;
			buildActionMask = 2147483647;
			files = (
				0477DD4F211D9C4000DF72AE /* SecondViewController.m in Sources */,
				040D81AB2119996700DA4709 /* JitterViewController.m in Sources */,
				04EE5618212278E400D74017 /* PhysicsEngineViewController.m in Sources */,
				0477DD39211ADE4C00DF72AE /* slideMenuBtn.m in Sources */,
				04EE561021215C4C00D74017 /* WTCircleTransition.m in Sources */,
				0477DD48211D7E4200DF72AE /* SublayerViewController.m in Sources */,
				0477DD36211ADC7A00DF72AE /* SkidViewController.m in Sources */,
				04EE561421217F1F00D74017 /* BubbleDragViewController.m in Sources */,
				040AF59A21339DF5006F2449 /* UIScrollView+WTSpringHeader.m in Sources */,
				040AF5972133990A006F2449 /* WTSpringHeaderView.m in Sources */,
				0477DD32211AC15C00DF72AE /* TransitionViewController.m in Sources */,
				040D81712119866E00DA4709 /* ViewController.m in Sources */,
				0477DD3C211AE6A200DF72AE /* slideMenuView.m in Sources */,
				040D81A32119872800DA4709 /* HiddenAnimationViewController.m in Sources */,
				040FAF9C2126666800746C87 /* FishModelImageView.m in Sources */,
				0477DD40211C338300DF72AE /* LinkViewController.m in Sources */,
				040D81A721198BD900DA4709 /* WTRedView.m in Sources */,
				04EE5609212123E700D74017 /* UILabel+MoneyAnimation.m in Sources */,
				040D817C2119866F00DA4709 /* main.m in Sources */,
				0477DD44211D3D0100DF72AE /* MatchstickMenViewController.m in Sources */,
				040AF593213397AA006F2449 /* SpringHeaderViewController.m in Sources */,
				04EE560621211B4200D74017 /* UIView+UIView_Gradient.m in Sources */,
				040FAFA12126666E00746C87 /* UIView+Extension.m in Sources */,
				0477DD4C211D9A4F00DF72AE /* CustomTransitionViewController.m in Sources */,
				04EE560D212125D700D74017 /* NumberAnimationViewController.m in Sources */,
				040D816E2119866E00DA4709 /* AppDelegate.m in Sources */,
			);
			runOnlyForDeploymentPostprocessing = 0;
		};
		040D817D2119866F00DA4709 /* Sources */ = {
			isa = PBXSourcesBuildPhase;
			buildActionMask = 2147483647;
			files = (
				040D81862119866F00DA4709 /* CoreAdvancedAnimationTests.m in Sources */,
			);
			runOnlyForDeploymentPostprocessing = 0;
		};
		040D81882119867000DA4709 /* Sources */ = {
			isa = PBXSourcesBuildPhase;
			buildActionMask = 2147483647;
			files = (
				040D81912119867000DA4709 /* CoreAdvancedAnimationUITests.m in Sources */,
			);
			runOnlyForDeploymentPostprocessing = 0;
		};
/* End PBXSourcesBuildPhase section */

/* Begin PBXTargetDependency section */
		040D81832119866F00DA4709 /* PBXTargetDependency */ = {
			isa = PBXTargetDependency;
			target = 040D81682119866E00DA4709 /* CoreAdvancedAnimation */;
			targetProxy = 040D81822119866F00DA4709 /* PBXContainerItemProxy */;
		};
		040D818E2119867000DA4709 /* PBXTargetDependency */ = {
			isa = PBXTargetDependency;
			target = 040D81682119866E00DA4709 /* CoreAdvancedAnimation */;
			targetProxy = 040D818D2119867000DA4709 /* PBXContainerItemProxy */;
		};
/* End PBXTargetDependency section */

/* Begin PBXVariantGroup section */
		040D81722119866E00DA4709 /* Main.storyboard */ = {
			isa = PBXVariantGroup;
			children = (
				040D81732119866E00DA4709 /* Base */,
			);
			name = Main.storyboard;
			sourceTree = "<group>";
		};
		040D81772119866F00DA4709 /* LaunchScreen.storyboard */ = {
			isa = PBXVariantGroup;
			children = (
				040D81782119866F00DA4709 /* Base */,
			);
			name = LaunchScreen.storyboard;
			sourceTree = "<group>";
		};
/* End PBXVariantGroup section */

/* Begin XCBuildConfiguration section */
		040D81932119867000DA4709 /* Debug */ = {
			isa = XCBuildConfiguration;
			buildSettings = {
				ALWAYS_SEARCH_USER_PATHS = NO;
				CLANG_ANALYZER_NONNULL = YES;
				CLANG_ANALYZER_NUMBER_OBJECT_CONVERSION = YES_AGGRESSIVE;
				CLANG_CXX_LANGUAGE_STANDARD = "gnu++14";
				CLANG_CXX_LIBRARY = "libc++";
				CLANG_ENABLE_MODULES = YES;
				CLANG_ENABLE_OBJC_ARC = YES;
				CLANG_ENABLE_OBJC_WEAK = YES;
				CLANG_WARN_BLOCK_CAPTURE_AUTORELEASING = YES;
				CLANG_WARN_BOOL_CONVERSION = YES;
				CLANG_WARN_COMMA = YES;
				CLANG_WARN_CONSTANT_CONVERSION = YES;
				CLANG_WARN_DEPRECATED_OBJC_IMPLEMENTATIONS = YES;
				CLANG_WARN_DIRECT_OBJC_ISA_USAGE = YES_ERROR;
				CLANG_WARN_DOCUMENTATION_COMMENTS = YES;
				CLANG_WARN_EMPTY_BODY = YES;
				CLANG_WARN_ENUM_CONVERSION = YES;
				CLANG_WARN_INFINITE_RECURSION = YES;
				CLANG_WARN_INT_CONVERSION = YES;
				CLANG_WARN_NON_LITERAL_NULL_CONVERSION = YES;
				CLANG_WARN_OBJC_IMPLICIT_RETAIN_SELF = YES;
				CLANG_WARN_OBJC_LITERAL_CONVERSION = YES;
				CLANG_WARN_OBJC_ROOT_CLASS = YES_ERROR;
				CLANG_WARN_RANGE_LOOP_ANALYSIS = YES;
				CLANG_WARN_STRICT_PROTOTYPES = YES;
				CLANG_WARN_SUSPICIOUS_MOVE = YES;
				CLANG_WARN_UNGUARDED_AVAILABILITY = YES_AGGRESSIVE;
				CLANG_WARN_UNREACHABLE_CODE = YES;
				CLANG_WARN__DUPLICATE_METHOD_MATCH = YES;
				CODE_SIGN_IDENTITY = "iPhone Developer";
				COPY_PHASE_STRIP = NO;
				DEBUG_INFORMATION_FORMAT = dwarf;
				ENABLE_STRICT_OBJC_MSGSEND = YES;
				ENABLE_TESTABILITY = YES;
				GCC_C_LANGUAGE_STANDARD = gnu11;
				GCC_DYNAMIC_NO_PIC = NO;
				GCC_NO_COMMON_BLOCKS = YES;
				GCC_OPTIMIZATION_LEVEL = 0;
				GCC_PREPROCESSOR_DEFINITIONS = (
					"DEBUG=1",
					"$(inherited)",
				);
				GCC_WARN_64_TO_32_BIT_CONVERSION = YES;
				GCC_WARN_ABOUT_RETURN_TYPE = YES_ERROR;
				GCC_WARN_UNDECLARED_SELECTOR = YES;
				GCC_WARN_UNINITIALIZED_AUTOS = YES_AGGRESSIVE;
				GCC_WARN_UNUSED_FUNCTION = YES;
				GCC_WARN_UNUSED_VARIABLE = YES;
				IPHONEOS_DEPLOYMENT_TARGET = 11.3;
				MTL_ENABLE_DEBUG_INFO = YES;
				ONLY_ACTIVE_ARCH = YES;
				SDKROOT = iphoneos;
			};
			name = Debug;
		};
		040D81942119867000DA4709 /* Release */ = {
			isa = XCBuildConfiguration;
			buildSettings = {
				ALWAYS_SEARCH_USER_PATHS = NO;
				CLANG_ANALYZER_NONNULL = YES;
				CLANG_ANALYZER_NUMBER_OBJECT_CONVERSION = YES_AGGRESSIVE;
				CLANG_CXX_LANGUAGE_STANDARD = "gnu++14";
				CLANG_CXX_LIBRARY = "libc++";
				CLANG_ENABLE_MODULES = YES;
				CLANG_ENABLE_OBJC_ARC = YES;
				CLANG_ENABLE_OBJC_WEAK = YES;
				CLANG_WARN_BLOCK_CAPTURE_AUTORELEASING = YES;
				CLANG_WARN_BOOL_CONVERSION = YES;
				CLANG_WARN_COMMA = YES;
				CLANG_WARN_CONSTANT_CONVERSION = YES;
				CLANG_WARN_DEPRECATED_OBJC_IMPLEMENTATIONS = YES;
				CLANG_WARN_DIRECT_OBJC_ISA_USAGE = YES_ERROR;
				CLANG_WARN_DOCUMENTATION_COMMENTS = YES;
				CLANG_WARN_EMPTY_BODY = YES;
				CLANG_WARN_ENUM_CONVERSION = YES;
				CLANG_WARN_INFINITE_RECURSION = YES;
				CLANG_WARN_INT_CONVERSION = YES;
				CLANG_WARN_NON_LITERAL_NULL_CONVERSION = YES;
				CLANG_WARN_OBJC_IMPLICIT_RETAIN_SELF = YES;
				CLANG_WARN_OBJC_LITERAL_CONVERSION = YES;
				CLANG_WARN_OBJC_ROOT_CLASS = YES_ERROR;
				CLANG_WARN_RANGE_LOOP_ANALYSIS = YES;
				CLANG_WARN_STRICT_PROTOTYPES = YES;
				CLANG_WARN_SUSPICIOUS_MOVE = YES;
				CLANG_WARN_UNGUARDED_AVAILABILITY = YES_AGGRESSIVE;
				CLANG_WARN_UNREACHABLE_CODE = YES;
				CLANG_WARN__DUPLICATE_METHOD_MATCH = YES;
				CODE_SIGN_IDENTITY = "iPhone Developer";
				COPY_PHASE_STRIP = NO;
				DEBUG_INFORMATION_FORMAT = "dwarf-with-dsym";
				ENABLE_NS_ASSERTIONS = NO;
				ENABLE_STRICT_OBJC_MSGSEND = YES;
				GCC_C_LANGUAGE_STANDARD = gnu11;
				GCC_NO_COMMON_BLOCKS = YES;
				GCC_WARN_64_TO_32_BIT_CONVERSION = YES;
				GCC_WARN_ABOUT_RETURN_TYPE = YES_ERROR;
				GCC_WARN_UNDECLARED_SELECTOR = YES;
				GCC_WARN_UNINITIALIZED_AUTOS = YES_AGGRESSIVE;
				GCC_WARN_UNUSED_FUNCTION = YES;
				GCC_WARN_UNUSED_VARIABLE = YES;
				IPHONEOS_DEPLOYMENT_TARGET = 11.3;
				MTL_ENABLE_DEBUG_INFO = NO;
				SDKROOT = iphoneos;
				VALIDATE_PRODUCT = YES;
			};
			name = Release;
		};
		040D81962119867000DA4709 /* Debug */ = {
			isa = XCBuildConfiguration;
			buildSettings = {
				ASSETCATALOG_COMPILER_APPICON_NAME = AppIcon;
				CODE_SIGN_STYLE = Automatic;
				DEVELOPMENT_TEAM = XV99QKSRHM;
				INFOPLIST_FILE = CoreAdvancedAnimation/Info.plist;
				LD_RUNPATH_SEARCH_PATHS = (
					"$(inherited)",
					"@executable_path/Frameworks",
				);
				PRODUCT_BUNDLE_IDENTIFIER = com.audition.www.CoreAdvancedAnimation;
				PRODUCT_NAME = "$(TARGET_NAME)";
				TARGETED_DEVICE_FAMILY = "1,2";
			};
			name = Debug;
		};
		040D81972119867000DA4709 /* Release */ = {
			isa = XCBuildConfiguration;
			buildSettings = {
				ASSETCATALOG_COMPILER_APPICON_NAME = AppIcon;
				CODE_SIGN_STYLE = Automatic;
				DEVELOPMENT_TEAM = XV99QKSRHM;
				INFOPLIST_FILE = CoreAdvancedAnimation/Info.plist;
				LD_RUNPATH_SEARCH_PATHS = (
					"$(inherited)",
					"@executable_path/Frameworks",
				);
				PRODUCT_BUNDLE_IDENTIFIER = com.audition.www.CoreAdvancedAnimation;
				PRODUCT_NAME = "$(TARGET_NAME)";
				TARGETED_DEVICE_FAMILY = "1,2";
			};
			name = Release;
		};
		040D81992119867000DA4709 /* Debug */ = {
			isa = XCBuildConfiguration;
			buildSettings = {
				BUNDLE_LOADER = "$(TEST_HOST)";
				CODE_SIGN_STYLE = Automatic;
				INFOPLIST_FILE = CoreAdvancedAnimationTests/Info.plist;
				LD_RUNPATH_SEARCH_PATHS = (
					"$(inherited)",
					"@executable_path/Frameworks",
					"@loader_path/Frameworks",
				);
				PRODUCT_BUNDLE_IDENTIFIER = com.audition.www.CoreAdvancedAnimationTests;
				PRODUCT_NAME = "$(TARGET_NAME)";
				TARGETED_DEVICE_FAMILY = "1,2";
				TEST_HOST = "$(BUILT_PRODUCTS_DIR)/CoreAdvancedAnimation.app/CoreAdvancedAnimation";
			};
			name = Debug;
		};
		040D819A2119867000DA4709 /* Release */ = {
			isa = XCBuildConfiguration;
			buildSettings = {
				BUNDLE_LOADER = "$(TEST_HOST)";
				CODE_SIGN_STYLE = Automatic;
				INFOPLIST_FILE = CoreAdvancedAnimationTests/Info.plist;
				LD_RUNPATH_SEARCH_PATHS = (
					"$(inherited)",
					"@executable_path/Frameworks",
					"@loader_path/Frameworks",
				);
				PRODUCT_BUNDLE_IDENTIFIER = com.audition.www.CoreAdvancedAnimationTests;
				PRODUCT_NAME = "$(TARGET_NAME)";
				TARGETED_DEVICE_FAMILY = "1,2";
				TEST_HOST = "$(BUILT_PRODUCTS_DIR)/CoreAdvancedAnimation.app/CoreAdvancedAnimation";
			};
			name = Release;
		};
		040D819C2119867000DA4709 /* Debug */ = {
			isa = XCBuildConfiguration;
			buildSettings = {
				CODE_SIGN_STYLE = Automatic;
				INFOPLIST_FILE = CoreAdvancedAnimationUITests/Info.plist;
				LD_RUNPATH_SEARCH_PATHS = (
					"$(inherited)",
					"@executable_path/Frameworks",
					"@loader_path/Frameworks",
				);
				PRODUCT_BUNDLE_IDENTIFIER = com.audition.www.CoreAdvancedAnimationUITests;
				PRODUCT_NAME = "$(TARGET_NAME)";
				TARGETED_DEVICE_FAMILY = "1,2";
				TEST_TARGET_NAME = CoreAdvancedAnimation;
			};
			name = Debug;
		};
		040D819D2119867000DA4709 /* Release */ = {
			isa = XCBuildConfiguration;
			buildSettings = {
				CODE_SIGN_STYLE = Automatic;
				INFOPLIST_FILE = CoreAdvancedAnimationUITests/Info.plist;
				LD_RUNPATH_SEARCH_PATHS = (
					"$(inherited)",
					"@executable_path/Frameworks",
					"@loader_path/Frameworks",
				);
				PRODUCT_BUNDLE_IDENTIFIER = com.audition.www.CoreAdvancedAnimationUITests;
				PRODUCT_NAME = "$(TARGET_NAME)";
				TARGETED_DEVICE_FAMILY = "1,2";
				TEST_TARGET_NAME = CoreAdvancedAnimation;
			};
			name = Release;
		};
/* End XCBuildConfiguration section */

/* Begin XCConfigurationList section */
		040D81642119866E00DA4709 /* Build configuration list for PBXProject "CoreAdvancedAnimation" */ = {
			isa = XCConfigurationList;
			buildConfigurations = (
				040D81932119867000DA4709 /* Debug */,
				040D81942119867000DA4709 /* Release */,
			);
			defaultConfigurationIsVisible = 0;
			defaultConfigurationName = Release;
		};
		040D81952119867000DA4709 /* Build configuration list for PBXNativeTarget "CoreAdvancedAnimation" */ = {
			isa = XCConfigurationList;
			buildConfigurations = (
				040D81962119867000DA4709 /* Debug */,
				040D81972119867000DA4709 /* Release */,
			);
			defaultConfigurationIsVisible = 0;
			defaultConfigurationName = Release;
		};
		040D81982119867000DA4709 /* Build configuration list for PBXNativeTarget "CoreAdvancedAnimationTests" */ = {
			isa = XCConfigurationList;
			buildConfigurations = (
				040D81992119867000DA4709 /* Debug */,
				040D819A2119867000DA4709 /* Release */,
			);
			defaultConfigurationIsVisible = 0;
			defaultConfigurationName = Release;
		};
		040D819B2119867000DA4709 /* Build configuration list for PBXNativeTarget "CoreAdvancedAnimationUITests" */ = {
			isa = XCConfigurationList;
			buildConfigurations = (
				040D819C2119867000DA4709 /* Debug */,
				040D819D2119867000DA4709 /* Release */,
			);
			defaultConfigurationIsVisible = 0;
			defaultConfigurationName = Release;
		};
/* End XCConfigurationList section */
	};
	rootObject = 040D81612119866E00DA4709 /* Project object */;
}
